// !$*UTF8*$!
{
	archiveVersion = 1;
	classes = {
	};
	objectVersion = 56;
	objects = {

/* Begin PBXBuildFile section */
		C93F12A42B894FCE0022A1E3 /* Restart_SwiftUIApp.swift in Sources */ = {isa = PBXBuildFile; fileRef = C93F12A32B894FCE0022A1E3 /* Restart_SwiftUIApp.swift */; };
		C93F12A62B894FCE0022A1E3 /* ContentView.swift in Sources */ = {isa = PBXBuildFile; fileRef = C93F12A52B894FCE0022A1E3 /* ContentView.swift */; };
		C93F12A82B894FD00022A1E3 /* Assets.xcassets in Resources */ = {isa = PBXBuildFile; fileRef = C93F12A72B894FD00022A1E3 /* Assets.xcassets */; };
		C93F12AB2B894FD00022A1E3 /* Preview Assets.xcassets in Resources */ = {isa = PBXBuildFile; fileRef = C93F12AA2B894FD00022A1E3 /* Preview Assets.xcassets */; };
		C93F12B32B8952010022A1E3 /* success.m4a in Resources */ = {isa = PBXBuildFile; fileRef = C93F12B12B8952010022A1E3 /* success.m4a */; };
		C93F12B42B8952010022A1E3 /* chimeup.mp3 in Resources */ = {isa = PBXBuildFile; fileRef = C93F12B22B8952010022A1E3 /* chimeup.mp3 */; };
		C93F12BB2B8955900022A1E3 /* OnBoardingView.swift in Sources */ = {isa = PBXBuildFile; fileRef = C93F12BA2B8955900022A1E3 /* OnBoardingView.swift */; };
		C93F12BD2B89559B0022A1E3 /* HomeView.swift in Sources */ = {isa = PBXBuildFile; fileRef = C93F12BC2B89559B0022A1E3 /* HomeView.swift */; };
		C970ED362B8B62DC0081968C /* CircleGroupView.swift in Sources */ = {isa = PBXBuildFile; fileRef = C970ED352B8B62DC0081968C /* CircleGroupView.swift */; };
/* End PBXBuildFile section */

/* Begin PBXFileReference section */
		C93F12A02B894FCE0022A1E3 /* Restart-SwiftUI.app */ = {isa = PBXFileReference; explicitFileType = wrapper.application; includeInIndex = 0; path = "Restart-SwiftUI.app"; sourceTree = BUILT_PRODUCTS_DIR; };
		C93F12A32B894FCE0022A1E3 /* Restart_SwiftUIApp.swift */ = {isa = PBXFileReference; lastKnownFileType = sourcecode.swift; path = Restart_SwiftUIApp.swift; sourceTree = "<group>"; };
		C93F12A52B894FCE0022A1E3 /* ContentView.swift */ = {isa = PBXFileReference; lastKnownFileType = sourcecode.swift; path = ContentView.swift; sourceTree = "<group>"; };
		C93F12A72B894FD00022A1E3 /* Assets.xcassets */ = {isa = PBXFileReference; lastKnownFileType = folder.assetcatalog; path = Assets.xcassets; sourceTree = "<group>"; };
		C93F12AA2B894FD00022A1E3 /* Preview Assets.xcassets */ = {isa = PBXFileReference; lastKnownFileType = folder.assetcatalog; path = "Preview Assets.xcassets"; sourceTree = "<group>"; };
		C93F12B12B8952010022A1E3 /* success.m4a */ = {isa = PBXFileReference; lastKnownFileType = file; path = success.m4a; sourceTree = "<group>"; };
		C93F12B22B8952010022A1E3 /* chimeup.mp3 */ = {isa = PBXFileReference; lastKnownFileType = audio.mp3; path = chimeup.mp3; sourceTree = "<group>"; };
		C93F12B92B8955210022A1E3 /* Info.plist */ = {isa = PBXFileReference; lastKnownFileType = text.plist; path = Info.plist; sourceTree = "<group>"; };
		C93F12BA2B8955900022A1E3 /* OnBoardingView.swift */ = {isa = PBXFileReference; lastKnownFileType = sourcecode.swift; path = OnBoardingView.swift; sourceTree = "<group>"; };
		C93F12BC2B89559B0022A1E3 /* HomeView.swift */ = {isa = PBXFileReference; lastKnownFileType = sourcecode.swift; path = HomeView.swift; sourceTree = "<group>"; };
		C970ED352B8B62DC0081968C /* CircleGroupView.swift */ = {isa = PBXFileReference; lastKnownFileType = sourcecode.swift; path = CircleGroupView.swift; sourceTree = "<group>"; };
/* End PBXFileReference section */

/* Begin PBXFrameworksBuildPhase section */
		C93F129D2B894FCE0022A1E3 /* Frameworks */ = {
			isa = PBXFrameworksBuildPhase;
			buildActionMask = 2147483647;
			files = (
			);
			runOnlyForDeploymentPostprocessing = 0;
		};
/* End PBXFrameworksBuildPhase section */

/* Begin PBXGroup section */
		C93F12972B894FCE0022A1E3 = {
			isa = PBXGroup;
			children = (
				C93F12A22B894FCE0022A1E3 /* Restart-SwiftUI */,
				C93F12A12B894FCE0022A1E3 /* Products */,
			);
			sourceTree = "<group>";
		};
		C93F12A12B894FCE0022A1E3 /* Products */ = {
			isa = PBXGroup;
			children = (
				C93F12A02B894FCE0022A1E3 /* Restart-SwiftUI.app */,
			);
			name = Products;
			sourceTree = "<group>";
		};
		C93F12A22B894FCE0022A1E3 /* Restart-SwiftUI */ = {
			isa = PBXGroup;
			children = (
				C93F12B92B8955210022A1E3 /* Info.plist */,
				C93F12B52B8952040022A1E3 /* Sounds */,
				C93F12A32B894FCE0022A1E3 /* Restart_SwiftUIApp.swift */,
				C93F12B62B8953130022A1E3 /* Screens */,
				C93F12B82B89533B0022A1E3 /* Utilities */,
				C93F12B72B8953230022A1E3 /* Views */,
				C93F12A72B894FD00022A1E3 /* Assets.xcassets */,
				C93F12A92B894FD00022A1E3 /* Preview Content */,
			);
			path = "Restart-SwiftUI";
			sourceTree = "<group>";
		};
		C93F12A92B894FD00022A1E3 /* Preview Content */ = {
			isa = PBXGroup;
			children = (
				C93F12AA2B894FD00022A1E3 /* Preview Assets.xcassets */,
			);
			path = "Preview Content";
			sourceTree = "<group>";
		};
		C93F12B52B8952040022A1E3 /* Sounds */ = {
			isa = PBXGroup;
			children = (
				C93F12B22B8952010022A1E3 /* chimeup.mp3 */,
				C93F12B12B8952010022A1E3 /* success.m4a */,
			);
			path = Sounds;
			sourceTree = "<group>";
		};
		C93F12B62B8953130022A1E3 /* Screens */ = {
			isa = PBXGroup;
			children = (
				C93F12A52B894FCE0022A1E3 /* ContentView.swift */,
				C93F12BA2B8955900022A1E3 /* OnBoardingView.swift */,
				C93F12BC2B89559B0022A1E3 /* HomeView.swift */,
			);
			path = Screens;
			sourceTree = "<group>";
		};
		C93F12B72B8953230022A1E3 /* Views */ = {
			isa = PBXGroup;
			children = (
				C970ED352B8B62DC0081968C /* CircleGroupView.swift */,
			);
			path = Views;
			sourceTree = "<group>";
		};
		C93F12B82B89533B0022A1E3 /* Utilities */ = {
			isa = PBXGroup;
			children = (
			);
			path = Utilities;
			sourceTree = "<group>";
		};
/* End PBXGroup section */

/* Begin PBXNativeTarget section */
		C93F129F2B894FCE0022A1E3 /* Restart-SwiftUI */ = {
			isa = PBXNativeTarget;
			buildConfigurationList = C93F12AE2B894FD00022A1E3 /* Build configuration list for PBXNativeTarget "Restart-SwiftUI" */;
			buildPhases = (
				C93F129C2B894FCE0022A1E3 /* Sources */,
				C93F129D2B894FCE0022A1E3 /* Frameworks */,
				C93F129E2B894FCE0022A1E3 /* Resources */,
			);
			buildRules = (
			);
			dependencies = (
			);
			name = "Restart-SwiftUI";
			productName = "Restart-SwiftUI";
			productReference = C93F12A02B894FCE0022A1E3 /* Restart-SwiftUI.app */;
			productType = "com.apple.product-type.application";
		};
/* End PBXNativeTarget section */

/* Begin PBXProject section */
		C93F12982B894FCE0022A1E3 /* Project object */ = {
			isa = PBXProject;
			attributes = {
				BuildIndependentTargetsInParallel = 1;
				LastSwiftUpdateCheck = 1520;
				LastUpgradeCheck = 1520;
				TargetAttributes = {
					C93F129F2B894FCE0022A1E3 = {
						CreatedOnToolsVersion = 15.2;
					};
				};
			};
			buildConfigurationList = C93F129B2B894FCE0022A1E3 /* Build configuration list for PBXProject "Restart-SwiftUI" */;
			compatibilityVersion = "Xcode 14.0";
			developmentRegion = en;
			hasScannedForEncodings = 0;
			knownRegions = (
				en,
				Base,
			);
			mainGroup = C93F12972B894FCE0022A1E3;
			productRefGroup = C93F12A12B894FCE0022A1E3 /* Products */;
			projectDirPath = "";
			projectRoot = "";
			targets = (
				C93F129F2B894FCE0022A1E3 /* Restart-SwiftUI */,
			);
		};
/* End PBXProject section */

/* Begin PBXResourcesBuildPhase section */
		C93F129E2B894FCE0022A1E3 /* Resources */ = {
			isa = PBXResourcesBuildPhase;
			buildActionMask = 2147483647;
			files = (
				C93F12B42B8952010022A1E3 /* chimeup.mp3 in Resources */,
				C93F12AB2B894FD00022A1E3 /* Preview Assets.xcassets in Resources */,
				C93F12B32B8952010022A1E3 /* success.m4a in Resources */,
				C93F12A82B894FD00022A1E3 /* Assets.xcassets in Resources */,
			);
			runOnlyForDeploymentPostprocessing = 0;
		};
/* End PBXResourcesBuildPhase section */

/* Begin PBXSourcesBuildPhase section */
		C93F129C2B894FCE0022A1E3 /* Sources */ = {
			isa = PBXSourcesBuildPhase;
			buildActionMask = 2147483647;
			files = (
				C970ED362B8B62DC0081968C /* CircleGroupView.swift in Sources */,
				C93F12BB2B8955900022A1E3 /* OnBoardingView.swift in Sources */,
				C93F12BD2B89559B0022A1E3 /* HomeView.swift in Sources */,
				C93F12A62B894FCE0022A1E3 /* ContentView.swift in Sources */,
				C93F12A42B894FCE0022A1E3 /* Restart_SwiftUIApp.swift in Sources */,
			);
			runOnlyForDeploymentPostprocessing = 0;
		};
/* End PBXSourcesBuildPhase section */

/* Begin XCBuildConfiguration section */
		C93F12AC2B894FD00022A1E3 /* Debug */ = {
			isa = XCBuildConfiguration;
			buildSettings = {
				ALWAYS_SEARCH_USER_PATHS = NO;
				ASSETCATALOG_COMPILER_GENERATE_SWIFT_ASSET_SYMBOL_EXTENSIONS = YES;
				CLANG_ANALYZER_NONNULL = YES;
				CLANG_ANALYZER_NUMBER_OBJECT_CONVERSION = YES_AGGRESSIVE;
				CLANG_CXX_LANGUAGE_STANDARD = "gnu++20";
				CLANG_ENABLE_MODULES = YES;
				CLANG_ENABLE_OBJC_ARC = YES;
				CLANG_ENABLE_OBJC_WEAK = YES;
				CLANG_WARN_BLOCK_CAPTURE_AUTORELEASING = YES;
				CLANG_WARN_BOOL_CONVERSION = YES;
				CLANG_WARN_COMMA = YES;
				CLANG_WARN_CONSTANT_CONVERSION = YES;
				CLANG_WARN_DEPRECATED_OBJC_IMPLEMENTATIONS = YES;
				CLANG_WARN_DIRECT_OBJC_ISA_USAGE = YES_ERROR;
				CLANG_WARN_DOCUMENTATION_COMMENTS = YES;
				CLANG_WARN_EMPTY_BODY = YES;
				CLANG_WARN_ENUM_CONVERSION = YES;
				CLANG_WARN_INFINITE_RECURSION = YES;
				CLANG_WARN_INT_CONVERSION = YES;
				CLANG_WARN_NON_LITERAL_NULL_CONVERSION = YES;
				CLANG_WARN_OBJC_IMPLICIT_RETAIN_SELF = YES;
				CLANG_WARN_OBJC_LITERAL_CONVERSION = YES;
				CLANG_WARN_OBJC_ROOT_CLASS = YES_ERROR;
				CLANG_WARN_QUOTED_INCLUDE_IN_FRAMEWORK_HEADER = YES;
				CLANG_WARN_RANGE_LOOP_ANALYSIS = YES;
				CLANG_WARN_STRICT_PROTOTYPES = YES;
				CLANG_WARN_SUSPICIOUS_MOVE = YES;
				CLANG_WARN_UNGUARDED_AVAILABILITY = YES_AGGRESSIVE;
				CLANG_WARN_UNREACHABLE_CODE = YES;
				CLANG_WARN__DUPLICATE_METHOD_MATCH = YES;
				COPY_PHASE_STRIP = NO;
				DEBUG_INFORMATION_FORMAT = dwarf;
				ENABLE_STRICT_OBJC_MSGSEND = YES;
				ENABLE_TESTABILITY = YES;
				ENABLE_USER_SCRIPT_SANDBOXING = YES;
				GCC_C_LANGUAGE_STANDARD = gnu17;
				GCC_DYNAMIC_NO_PIC = NO;
				GCC_NO_COMMON_BLOCKS = YES;
				GCC_OPTIMIZATION_LEVEL = 0;
				GCC_PREPROCESSOR_DEFINITIONS = (
					"DEBUG=1",
					"$(inherited)",
				);
				GCC_WARN_64_TO_32_BIT_CONVERSION = YES;
				GCC_WARN_ABOUT_RETURN_TYPE = YES_ERROR;
				GCC_WARN_UNDECLARED_SELECTOR = YES;
				GCC_WARN_UNINITIALIZED_AUTOS = YES_AGGRESSIVE;
				GCC_WARN_UNUSED_FUNCTION = YES;
				GCC_WARN_UNUSED_VARIABLE = YES;
				IPHONEOS_DEPLOYMENT_TARGET = 17.2;
				LOCALIZATION_PREFERS_STRING_CATALOGS = YES;
				MTL_ENABLE_DEBUG_INFO = INCLUDE_SOURCE;
				MTL_FAST_MATH = YES;
				ONLY_ACTIVE_ARCH = YES;
				SDKROOT = iphoneos;
				SWIFT_ACTIVE_COMPILATION_CONDITIONS = "DEBUG $(inherited)";
				SWIFT_OPTIMIZATION_LEVEL = "-Onone";
			};
			name = Debug;
		};
		C93F12AD2B894FD00022A1E3 /* Release */ = {
			isa = XCBuildConfiguration;
			buildSettings = {
				ALWAYS_SEARCH_USER_PATHS = NO;
				ASSETCATALOG_COMPILER_GENERATE_SWIFT_ASSET_SYMBOL_EXTENSIONS = YES;
				CLANG_ANALYZER_NONNULL = YES;
				CLANG_ANALYZER_NUMBER_OBJECT_CONVERSION = YES_AGGRESSIVE;
				CLANG_CXX_LANGUAGE_STANDARD = "gnu++20";
				CLANG_ENABLE_MODULES = YES;
				CLANG_ENABLE_OBJC_ARC = YES;
				CLANG_ENABLE_OBJC_WEAK = YES;
				CLANG_WARN_BLOCK_CAPTURE_AUTORELEASING = YES;
				CLANG_WARN_BOOL_CONVERSION = YES;
				CLANG_WARN_COMMA = YES;
				CLANG_WARN_CONSTANT_CONVERSION = YES;
				CLANG_WARN_DEPRECATED_OBJC_IMPLEMENTATIONS = YES;
				CLANG_WARN_DIRECT_OBJC_ISA_USAGE = YES_ERROR;
				CLANG_WARN_DOCUMENTATION_COMMENTS = YES;
				CLANG_WARN_EMPTY_BODY = YES;
				CLANG_WARN_ENUM_CONVERSION = YES;
				CLANG_WARN_INFINITE_RECURSION = YES;
				CLANG_WARN_INT_CONVERSION = YES;
				CLANG_WARN_NON_LITERAL_NULL_CONVERSION = YES;
				CLANG_WARN_OBJC_IMPLICIT_RETAIN_SELF = YES;
				CLANG_WARN_OBJC_LITERAL_CONVERSION = YES;
				CLANG_WARN_OBJC_ROOT_CLASS = YES_ERROR;
				CLANG_WARN_QUOTED_INCLUDE_IN_FRAMEWORK_HEADER = YES;
				CLANG_WARN_RANGE_LOOP_ANALYSIS = YES;
				CLANG_WARN_STRICT_PROTOTYPES = YES;
				CLANG_WARN_SUSPICIOUS_MOVE = YES;
				CLANG_WARN_UNGUARDED_AVAILABILITY = YES_AGGRESSIVE;
				CLANG_WARN_UNREACHABLE_CODE = YES;
				CLANG_WARN__DUPLICATE_METHOD_MATCH = YES;
				COPY_PHASE_STRIP = NO;
				DEBUG_INFORMATION_FORMAT = "dwarf-with-dsym";
				ENABLE_NS_ASSERTIONS = NO;
				ENABLE_STRICT_OBJC_MSGSEND = YES;
				ENABLE_USER_SCRIPT_SANDBOXING = YES;
				GCC_C_LANGUAGE_STANDARD = gnu17;
				GCC_NO_COMMON_BLOCKS = YES;
				GCC_WARN_64_TO_32_BIT_CONVERSION = YES;
				GCC_WARN_ABOUT_RETURN_TYPE = YES_ERROR;
				GCC_WARN_UNDECLARED_SELECTOR = YES;
				GCC_WARN_UNINITIALIZED_AUTOS = YES_AGGRESSIVE;
				GCC_WARN_UNUSED_FUNCTION = YES;
				GCC_WARN_UNUSED_VARIABLE = YES;
				IPHONEOS_DEPLOYMENT_TARGET = 17.2;
				LOCALIZATION_PREFERS_STRING_CATALOGS = YES;
				MTL_ENABLE_DEBUG_INFO = NO;
				MTL_FAST_MATH = YES;
				SDKROOT = iphoneos;
				SWIFT_COMPILATION_MODE = wholemodule;
				VALIDATE_PRODUCT = YES;
			};
			name = Release;
		};
		C93F12AF2B894FD00022A1E3 /* Debug */ = {
			isa = XCBuildConfiguration;
			buildSettings = {
				ASSETCATALOG_COMPILER_APPICON_NAME = AppIcon;
				ASSETCATALOG_COMPILER_GLOBAL_ACCENT_COLOR_NAME = AccentColor;
				CODE_SIGN_STYLE = Automatic;
				CURRENT_PROJECT_VERSION = 1;
				DEVELOPMENT_ASSET_PATHS = "\"Restart-SwiftUI/Preview Content\"";
				ENABLE_PREVIEWS = YES;
				GENERATE_INFOPLIST_FILE = YES;
				INFOPLIST_FILE = "Restart-SwiftUI/Info.plist";
				INFOPLIST_KEY_UIApplicationSceneManifest_Generation = YES;
				INFOPLIST_KEY_UIApplicationSupportsIndirectInputEvents = YES;
				INFOPLIST_KEY_UISupportedInterfaceOrientations = UIInterfaceOrientationPortrait;
				IPHONEOS_DEPLOYMENT_TARGET = 15.0;
				LD_RUNPATH_SEARCH_PATHS = (
					"$(inherited)",
					"@executable_path/Frameworks",
				);
				MARKETING_VERSION = 1.0;
				PRODUCT_BUNDLE_IDENTIFIER = "com.enterprice.Restart-SwiftUI";
				PRODUCT_NAME = "$(TARGET_NAME)";
				SWIFT_EMIT_LOC_STRINGS = YES;
				SWIFT_VERSION = 5.0;
				TARGETED_DEVICE_FAMILY = "1,2";
			};
			name = Debug;
		};
		C93F12B02B894FD00022A1E3 /* Release */ = {
			isa = XCBuildConfiguration;
			buildSettings = {
				ASSETCATALOG_COMPILER_APPICON_NAME = AppIcon;
				ASSETCATALOG_COMPILER_GLOBAL_ACCENT_COLOR_NAME = AccentColor;
				CODE_SIGN_STYLE = Automatic;
				CURRENT_PROJECT_VERSION = 1;
				DEVELOPMENT_ASSET_PATHS = "\"Restart-SwiftUI/Preview Content\"";
				ENABLE_PREVIEWS = YES;
				GENERATE_INFOPLIST_FILE = YES;
				INFOPLIST_FILE = "Restart-SwiftUI/Info.plist";
				INFOPLIST_KEY_UIApplicationSceneManifest_Generation = YES;
				INFOPLIST_KEY_UIApplicationSupportsIndirectInputEvents = YES;
				INFOPLIST_KEY_UISupportedInterfaceOrientations = UIInterfaceOrientationPortrait;
				IPHONEOS_DEPLOYMENT_TARGET = 15.0;
				LD_RUNPATH_SEARCH_PATHS = (
					"$(inherited)",
					"@executable_path/Frameworks",
				);
				MARKETING_VERSION = 1.0;
				PRODUCT_BUNDLE_IDENTIFIER = "com.enterprice.Restart-SwiftUI";
				PRODUCT_NAME = "$(TARGET_NAME)";
				SWIFT_EMIT_LOC_STRINGS = YES;
				SWIFT_VERSION = 5.0;
				TARGETED_DEVICE_FAMILY = "1,2";
			};
			name = Release;
		};
/* End XCBuildConfiguration section */

/* Begin XCConfigurationList section */
		C93F129B2B894FCE0022A1E3 /* Build configuration list for PBXProject "Restart-SwiftUI" */ = {
			isa = XCConfigurationList;
			buildConfigurations = (
				C93F12AC2B894FD00022A1E3 /* Debug */,
				C93F12AD2B894FD00022A1E3 /* Release */,
			);
			defaultConfigurationIsVisible = 0;
			defaultConfigurationName = Release;
		};
		C93F12AE2B894FD00022A1E3 /* Build configuration list for PBXNativeTarget "Restart-SwiftUI" */ = {
			isa = XCConfigurationList;
			buildConfigurations = (
				C93F12AF2B894FD00022A1E3 /* Debug */,
				C93F12B02B894FD00022A1E3 /* Release */,
			);
			defaultConfigurationIsVisible = 0;
			defaultConfigurationName = Release;
		};
/* End XCConfigurationList section */
	};
	rootObject = C93F12982B894FCE0022A1E3 /* Project object */;
}
